version = 1
revision = 3
requires-python = ">=3.12"

[[package]]
name = "momento-01-tendencias"
version = "0.1.0"
source = { virtual = "." }
dependencies = [
    { name = "psycopg2-binary" },
    { name = "python-dotenv" },
]

[package.dev-dependencies]
dev = [
    { name = "ruff" },
]

[package.metadata]
requires-dist = [
    { name = "psycopg2-binary", specifier = ">=2.9" },
    { name = "python-dotenv", specifier = ">=1.0" },
]

[package.metadata.requires-dev]
dev = [{ name = "ruff", specifier = ">=0.6" }]

[[package]]
name = "psycopg2-binary"
version = "2.9.12"
source = { registry = "https://pypi.org/simple" }
sdist = { url = "https://files.pythonhosted.org/packages/2a/60/a3624f79acea344c16fbef3a94d28b89a8042ddfb8f3e4ca83f538671409/psycopg2_binary-2.9.12.tar.gz", hash = "sha256:5ac9444edc768c02a6b6a591f070b8aae28ff3a99be57560ac996001580f294c", size = 379686, upload-time = "2026-04-21T09:40:34.304Z" }
wheels = [
    { url = "https://files.pythonhosted.org/packages/e2/9f/ef4ef3c8e15083df90ca35265cfd1a081a2f0cc07bb229c6314c6af817f4/psycopg2_binary-2.9.12-cp312-cp312-macosx_10_13_x86_64.whl", hash = "sha256:5cdc05117180c5fa9c40eea8ea559ce64d73824c39d928b7da9fb5f6a9392433", size = 3712459, upload-time = "2026-04-20T23:34:30.549Z" },
    { url = "https://files.pythonhosted.org/packages/b5/01/3dd14e46ba48c1e1a6ec58ee599fa1b5efa00c246d5046cd903d0eeb1af1/psycopg2_binary-2.9.12-cp312-cp312-macosx_11_0_arm64.whl", hash = "sha256:d3227a3bc228c10d21011a99245edca923e4e8bf461857e869a507d9a41fe9f6", size = 3822936, upload-time = "2026-04-20T23:34:32.77Z" },
    { url = "https://files.pythonhosted.org/packages/a6/f7/0640e4901119d8a9f7a1784b927f494e2198e213ceb593753d1f2c8b1b30/psycopg2_binary-2.9.12-cp312-cp312-manylinux2014_ppc64le.manylinux_2_17_ppc64le.whl", hash = "sha256:995ce929eede89db6254b50827e2b7fd61e50d11f0b116b29fffe4a2e53c4580", size = 4578676, upload-time = "2026-04-20T23:34:35.18Z" },
    { url = "https://files.pythonhosted.org/packages/b0/55/44df3965b5f297c50cc0b1b594a31c67d6127a9d133045b8a66611b14dfb/psycopg2_binary-2.9.12-cp312-cp312-manylinux2014_x86_64.manylinux_2_17_x86_64.whl", hash = "sha256:9fe06d93e72f1c048e731a2e3e7854a5bfaa58fc736068df90b352cefe66f03f", size = 4274917, upload-time = "2026-04-20T23:34:37.982Z" },
    { url = "https://files.pythonhosted.org/packages/b0/4b/74535248b1eac0c9336862e8617c765ac94dac76f9e25d7c4a79588c8907/psycopg2_binary-2.9.12-cp312-cp312-manylinux_2_27_aarch64.manylinux_2_28_aarch64.whl", hash = "sha256:40e7b28b63aaf737cb3a1edc3a9bbc9a9f4ad3dcb7152e8c1130e4050eddcb7d", size = 5894843, upload-time = "2026-04-20T23:34:40.856Z" },
    { url = "https://files.pythonhosted.org/packages/f2/ba/f1bf8d2ae71868ad800b661099086ee52bc0f8d9f05be1acd8ebb06757cc/psycopg2_binary-2.9.12-cp312-cp312-manylinux_2_38_riscv64.manylinux_2_39_riscv64.whl", hash = "sha256:89d19a9f7899e8eb0656a2b3a08e0da04c720a06db6e0033eab5928aabe60fa9", size = 4110556, upload-time = "2026-04-20T23:34:44.016Z" },
    { url = "https://files.pythonhosted.org/packages/45/46/c15706c338403b7c420bcc0c2905aad116cc064545686d8bf85f1999ea00/psycopg2_binary-2.9.12-cp312-cp312-musllinux_1_2_aarch64.whl", hash = "sha256:612b965daee295ae2da8f8218ce1d274645dc76ef3f1abf6a0a94fd57eff876d", size = 3655714, upload-time = "2026-04-20T23:34:46.233Z" },
    { url = "https://files.pythonhosted.org/packages/b3/7c/a2d5dc09b64a4564db242a0fe418fde7d33f6f8259dd2c5b9d7def00fb5a/psycopg2_binary-2.9.12-cp312-cp312-musllinux_1_2_ppc64le.whl", hash = "sha256:b9a339b79d37c1b45f3235265f07cdeb0cb5ad7acd2ac7720a5920989c17c24e", size = 3301154, upload-time = "2026-04-20T23:34:49.528Z" },
    { url = "https://files.pythonhosted.org/packages/c0/e8/cc8c9a4ce71461f9ec548d38cadc41dc184b34c73e6455450775a9334ccd/psycopg2_binary-2.9.12-cp312-cp312-musllinux_1_2_riscv64.whl", hash = "sha256:3471336e1acfd9c7fe507b8bad5af9317b6a89294f9eb37bd9a030bb7bebcdc6", size = 3048882, upload-time = "2026-04-20T23:34:51.86Z" },
    { url = "https://files.pythonhosted.org/packages/19/6a/31e2296bc0787c5ab75d3d118e40b239db8151b5192b90b77c72bc9256e9/psycopg2_binary-2.9.12-cp312-cp312-musllinux_1_2_x86_64.whl", hash = "sha256:7af18183109e23502c8b2ae7f6926c0882766f35b5175a4cd737ad825e4d7a1b", size = 3351298, upload-time = "2026-04-20T23:34:54.124Z" },
    { url = "https://files.pythonhosted.org/packages/5f/a8/75f4e3e11203b590150abed2cf7794b9c9c9f7eceddae955191138b44dde/psycopg2_binary-2.9.12-cp312-cp312-win_amd64.whl", hash = "sha256:398fcd4db988c7d7d3713e2b8e18939776fd3fb447052daae4f24fa39daede4c", size = 2757230, upload-time = "2026-04-20T23:34:56.242Z" },
    { url = "https://files.pythonhosted.org/packages/91/bb/4608c96f970f6e0c56572e87027ef4404f709382a3503e9934526d7ba051/psycopg2_binary-2.9.12-cp313-cp313-macosx_10_13_x86_64.whl", hash = "sha256:7c729a73c7b1b84de3582f73cdd27d905121dc2c531f3d9a3c32a3011033b965", size = 3712419, upload-time = "2026-04-20T23:34:58.754Z" },
    { url = "https://files.pythonhosted.org/packages/5e/af/48f76af9d50d61cf390f8cd657b503168b089e2e9298e48465d029fcc713/psycopg2_binary-2.9.12-cp313-cp313-macosx_11_0_arm64.whl", hash = "sha256:4413d0caef93c5cf50b96863df4c2efe8c269bf2267df353225595e7e15e8df7", size = 3822990, upload-time = "2026-04-20T23:35:00.821Z" },
    { url = "https://files.pythonhosted.org/packages/7a/df/aba0f99397cd811d32e06fc0cc781f1f3ce98bc0e729cb423925085d781a/psycopg2_binary-2.9.12-cp313-cp313-manylinux2014_ppc64le.manylinux_2_17_ppc64le.whl", hash = "sha256:4dfcf8e45ebb0c663be34a3442f65e17311f3367089cd4e5e3a3e8e62c978777", size = 4578696, upload-time = "2026-04-20T23:35:03.409Z" },
    { url = "https://files.pythonhosted.org/packages/95/9c/eaa74021ac4e4d5c2f83d82fc6615a63f4fe6c94dc4e94c3990427053f67/psycopg2_binary-2.9.12-cp313-cp313-manylinux2014_x86_64.manylinux_2_17_x86_64.whl", hash = "sha256:c41321a14dd74aceb6a9a643b9253a334521babfa763fa873e33d89cfa122fb5", size = 4274982, upload-time = "2026-04-20T23:35:05.583Z" },
    { url = "https://files.pythonhosted.org/packages/35/ed/c25deff98bd26187ba48b3b250a3ffc3037c46c5b89362534a15d200e0db/psycopg2_binary-2.9.12-cp313-cp313-manylinux_2_27_aarch64.manylinux_2_28_aarch64.whl", hash = "sha256:83946ba43979ebfdc99a3cd0ee775c89f221df026984ba19d46133d8d75d3cd9", size = 5894867, upload-time = "2026-04-20T23:35:07.902Z" },
    { url = "https://files.pythonhosted.org/packages/9a/81/8d0e21ca77373c6c9589e5c4528f6e8f0c08c62cafc76fb0bddb7a2cee22/psycopg2_binary-2.9.12-cp313-cp313-manylinux_2_38_riscv64.manylinux_2_39_riscv64.whl", hash = "sha256:411e85815652d13560fbe731878daa5d92378c4995a22302071890ec3397d019", size = 4110578, upload-time = "2026-04-20T23:35:10.149Z" },
    { url = "https://files.pythonhosted.org/packages/00/fc/f481e2435bd8f742d0123309174aae4165160ad3ef17c1b99c3622c241d2/psycopg2_binary-2.9.12-cp313-cp313-musllinux_1_2_aarch64.whl", hash = "sha256:1c8ad4c08e00f7679559eaed7aff1edfffc60c086b976f93972f686384a95e2c", size = 3655816, upload-time = "2026-04-20T23:35:12.56Z" },
    { url = "https://files.pythonhosted.org/packages/53/79/b9f46466bdbe9f239c96cde8be33c1aace4842f06013b47b730dc9759187/psycopg2_binary-2.9.12-cp313-cp313-musllinux_1_2_ppc64le.whl", hash = "sha256:00814e40fa23c2b37ef0a1e3c749d89982c73a9cb5046137f0752a22d432e82f", size = 3301307, upload-time = "2026-04-20T23:35:15.029Z" },
    { url = "https://files.pythonhosted.org/packages/3f/19/7dc003b32fe35024df89b658104f7c8538a8b2dcbde7a4e746ce929742e7/psycopg2_binary-2.9.12-cp313-cp313-musllinux_1_2_riscv64.whl", hash = "sha256:98062447aebc20ed20add1f547a364fd0ef8933640d5372ff1873f8deb9b61be", size = 3048968, upload-time = "2026-04-20T23:35:16.757Z" },
    { url = "https://files.pythonhosted.org/packages/91/58/2dbd7db5c604d45f4950d988506aae672a14126ec22998ced5021cbb76bb/psycopg2_binary-2.9.12-cp313-cp313-musllinux_1_2_x86_64.whl", hash = "sha256:66a7685d7e548f10fb4ce32fb01a7b7f4aa702134de92a292c7bd9e0d3dbd290", size = 3351369, upload-time = "2026-04-20T23:35:18.933Z" },
    { url = "https://files.pythonhosted.org/packages/42/ee/dee8dcaad07f735824de3d6563bc67119fa6c28257b17977a8d624f02fab/psycopg2_binary-2.9.12-cp313-cp313-win_amd64.whl", hash = "sha256:b6937f5fe4e180aeee87de907a2fa982ded6f7f15d7218f78a083e4e1d68f2a0", size = 2757347, upload-time = "2026-04-20T23:35:21.283Z" },
    { url = "https://files.pythonhosted.org/packages/13/1b/708c0dca874acfad6d65314271859899a79007686f3a1f74e82a2ed4b645/psycopg2_binary-2.9.12-cp314-cp314-macosx_10_15_x86_64.whl", hash = "sha256:6f3b3de8a74ef8db215f22edffb19e32dc6fa41340456de7ec99efdc8a7b3ec2", size = 3712428, upload-time = "2026-04-20T23:35:23.453Z" },
    { url = "https://files.pythonhosted.org/packages/d6/39/ddbea9d4b4de6aca9431b6ed253f530f8a02d3b8f9bcfd0dbfe2b3de6fe4/psycopg2_binary-2.9.12-cp314-cp314-macosx_11_0_arm64.whl", hash = "sha256:1006fb62f0f0bc5ce256a832356c6262e91be43f5e4eb15b5eaf38079464caf2", size = 3823184, upload-time = "2026-04-20T23:35:25.92Z" },
    { url = "https://files.pythonhosted.org/packages/bf/a0/bc2fef74b106fa345567122a0659e6d94512ed7dc0131ec44c9e5aba3725/psycopg2_binary-2.9.12-cp314-cp314-manylinux2014_ppc64le.manylinux_2_17_ppc64le.whl", hash = "sha256:840066105706cd2eb29b9a1c2329620056582a4bf3e8169dec5c447042d0869f", size = 4579157, upload-time = "2026-04-20T23:35:28.542Z" },
    { url = "https://files.pythonhosted.org/packages/57/d7/d4e3b2005d3de607ca4fbb0e8742e248056e52184a6b94ebda3c1c2c329b/psycopg2_binary-2.9.12-cp314-cp314-manylinux2014_x86_64.manylinux_2_17_x86_64.whl", hash = "sha256:863f5d12241ebe1c76a72a04c2113b6dc905f90b9cef0e9be0efd994affd9354", size = 4274970, upload-time = "2026-04-20T23:35:30.418Z" },
    { url = "https://files.pythonhosted.org/packages/2e/42/c9853f8db3967fe08bcde11f53d53b85d351750cae726ce001cb68afa9c1/psycopg2_binary-2.9.12-cp314-cp314-manylinux_2_27_aarch64.manylinux_2_28_aarch64.whl", hash = "sha256:a99eaab34a9010f1a086b126de467466620a750634d114d20455f3a824aae033", size = 5895175, upload-time = "2026-04-20T23:35:33.584Z" },
    { url = "https://files.pythonhosted.org/packages/eb/fd/b82b5601a97630308bef079f545ffec481bbbc795c2ba5ec416a01d03f60/psycopg2_binary-2.9.12-cp314-cp314-manylinux_2_38_riscv64.manylinux_2_39_riscv64.whl", hash = "sha256:ffdd7dc5463ccd61845ac37b7012d0f35a1548df9febe14f8dd549be4a0bc81e", size = 4110658, upload-time = "2026-04-20T23:35:35.638Z" },
    { url = "https://files.pythonhosted.org/packages/62/8c/32ca69b0389ef25dd22937bf9e8fbe2ce27aea20b05ded48c4ce4cb42475/psycopg2_binary-2.9.12-cp314-cp314-musllinux_1_2_aarch64.whl", hash = "sha256:54a0dfecab1b48731f934e06139dfe11e24219fb6d0ceb32177cf0375f14c7b5", size = 3656251, upload-time = "2026-04-20T23:35:37.854Z" },
    { url = "https://files.pythonhosted.org/packages/c4/29/96992a2b59e3b9d730fcf9612d0a387305025dc867a9fc490a9e496e074e/psycopg2_binary-2.9.12-cp314-cp314-musllinux_1_2_ppc64le.whl", hash = "sha256:96937c9c5d891f772430f418a7a8b4691a90c3e6b93cf72b5bd7cad8cbca32a5", size = 3301810, upload-time = "2026-04-20T23:35:39.927Z" },
    { url = "https://files.pythonhosted.org/packages/56/ad/44b06659949b243ae10112cd3b20a197f9bf3e81d5651379b9eb889bfaad/psycopg2_binary-2.9.12-cp314-cp314-musllinux_1_2_riscv64.whl", hash = "sha256:77b348775efd4cdab410ec6609d81ccecd1139c90265fa583a7255c8064bc03d", size = 3048977, upload-time = "2026-04-20T23:35:41.806Z" },
    { url = "https://files.pythonhosted.org/packages/1d/f2/10a1bcebadb6aa55e280e1f58975c36a7b560ea525184c7aa4064c466633/psycopg2_binary-2.9.12-cp314-cp314-musllinux_1_2_x86_64.whl", hash = "sha256:527e6342b3e44c2f0544f6b8e927d60de7f163f5723b8f1dfa7d2a84298738cd", size = 3351466, upload-time = "2026-04-20T23:35:43.993Z" },
    { url = "https://files.pythonhosted.org/packages/20/be/b732c8418ffa5bcfda002890f5dc4c869fc17db66ff11f53b17cfe44afc0/psycopg2_binary-2.9.12-cp314-cp314-win_amd64.whl", hash = "sha256:f12ae41fcafadb39b2785e64a40f9db05d6de2ac114077457e0e7c597f3af980", size = 2848762, upload-time = "2026-04-20T23:35:46.421Z" },
]

[[package]]
name = "python-dotenv"
version = "1.2.2"
source = { registry = "https://pypi.org/simple" }
sdist = { url = "https://files.pythonhosted.org/packages/82/ed/0301aeeac3e5353ef3d94b6ec08bbcabd04a72018415dcb29e588514bba8/python_dotenv-1.2.2.tar.gz", hash = "sha256:2c371a91fbd7ba082c2c1dc1f8bf89ca22564a087c2c287cd9b662adde799cf3", size = 50135, upload-time = "2026-03-01T16:00:26.196Z" }
wheels = [
    { url = "https://files.pythonhosted.org/packages/0b/d7/1959b9648791274998a9c3526f6d0ec8fd2233e4d4acce81bbae76b44b2a/python_dotenv-1.2.2-py3-none-any.whl", hash = "sha256:1d8214789a24de455a8b8bd8ae6fe3c6b69a5e3d64aa8a8e5d68e694bbcb285a", size = 22101, upload-time = "2026-03-01T16:00:25.09Z" },
]

[[package]]
name = "ruff"
version = "0.16.2"
source = { registry = "https://pypi.org/simple" }
sdist = { url = "https://files.pythonhosted.org/packages/73/e1/4508a569211b35599016e84ba65c1a992b7a4004b4b6c4bea02a851cba1b/ruff-0.16.2.tar.gz", hash = "sha256:c3d7828d12e8927a6fc65fe38e2c2541b9e762d360a1786d752cb1b8883b3c9c", size = 4885811, upload-time = "2026-08-07T13:31:01.432Z" }
wheels = [
    { url = "https://files.pythonhosted.org/packages/14/57/db19951540f98859c956b50bdb4d31089b4d91e9f15e2968e7d5193806d5/ruff-0.16.2-py3-none-linux_armv6l.whl", hash = "sha256:3c8de4cf2181f01d57946d87d777aa52916976fc09942aed89938fab5e013318", size = 10847925, upload-time = "2026-08-07T13:30:14.468Z" },
    { url = "https://files.pythonhosted.org/packages/13/5a/995fe85a8470d3e391ac0f7fa8054bb454eaf33ee138196d6172ed1079c0/ruff-0.16.2-py3-none-macosx_10_12_x86_64.whl", hash = "sha256:9a48cc05c6fbc811ca81b5d7ba95375affea6582d1b8024e455e41afbbf55344", size = 11072662, upload-time = "2026-08-07T13:30:18.143Z" },
    { url = "https://files.pythonhosted.org/packages/32/53/370d767c61c71a971a4ace36703a7ecd8c393956349a7325d7fab2b56827/ruff-0.16.2-py3-none-macosx_11_0_arm64.whl", hash = "sha256:a2c0d14fcbb26c91f0f867a6dc9bd71bbc30b1b6151829c884f23faeab2e5700", size = 10566771, upload-time = "2026-08-07T13:30:20.899Z" },
    { url = "https://files.pythonhosted.org/packages/85/d6/9d96948caf5a632be62d62202d5ec914d6856f204fd79eb036e5915e79ea/ruff-0.16.2-py3-none-manylinux_2_17_aarch64.manylinux2014_aarch64.whl", hash = "sha256:335c621622c4650330be50842561c6586ac6971bb8ab5407fe34dcc9efb16bbe", size = 10975825, upload-time = "2026-08-07T13:30:23.517Z" },
    { url = "https://files.pythonhosted.org/packages/3b/92/ea87129b3414acb0b5770563779c51804d37ac67675c7ba35447ddb14773/ruff-0.16.2-py3-none-manylinux_2_17_armv7l.manylinux2014_armv7l.whl", hash = "sha256:20e66910f2c37cc753f9ef6580c914a621b80c4fa3549d3e3521e29d0f5bfc3f", size = 10649437, upload-time = "2026-08-07T13:30:26.097Z" },
    { url = "https://files.pythonhosted.org/packages/ac/43/f8f291dcd4af5bb7872b74fdfa41a7cd7c856ca1d4069670971cf1b9f5cb/ruff-0.16.2-py3-none-manylinux_2_17_i686.manylinux2014_i686.whl", hash = "sha256:c7e36fbfba65510548156902bcf1350a979a958ce0347ce0f90d73894036b39f", size = 11446761, upload-time = "2026-08-07T13:30:28.752Z" },
    { url = "https://files.pythonhosted.org/packages/71/4a/ef991fb2fcf516ab71f0808adcdd8da5e18c8cde447f4ceaf5f47a5132a5/ruff-0.16.2-py3-none-manylinux_2_17_ppc64le.manylinux2014_ppc64le.whl", hash = "sha256:f0eab35f80df8f134aae5d1630e751901321d317cc8e50dc39e36fa3ed34cd12", size = 12336364, upload-time = "2026-08-07T13:30:31.468Z" },
    { url = "https://files.pythonhosted.org/packages/f3/24/f615e74f307e6ca0e56a482872477b856c70d530aa356abfb6dfe5ca8a80/ruff-0.16.2-py3-none-manylinux_2_17_s390x.manylinux2014_s390x.whl", hash = "sha256:40ea8c0594feb894e89c8c61ab9c103d38b0ea72dfde6c594107147ca31b1140", size = 11630720, upload-time = "2026-08-07T13:30:34.426Z" },
    { url = "https://files.pythonhosted.org/packages/c5/d3/8ef50149e8412a77f7ab409efdef0e2b23803707a3863da4fc64cb23d459/ruff-0.16.2-py3-none-manylinux_2_17_x86_64.manylinux2014_x86_64.whl", hash = "sha256:ab3d62dde0b19facdd632008cc4827fc28ada7736c6bd35ab6f1050f0bfed53f", size = 11466130, upload-time = "2026-08-07T13:30:36.958Z" },
    { url = "https://files.pythonhosted.org/packages/dd/a7/a19334985c4dea8c381981fa252cd854c7ee52dc4b1686dc16f4a911c702/ruff-0.16.2-py3-none-manylinux_2_31_riscv64.whl", hash = "sha256:e43e1f5b8388da9eca1b9e88328d47a5cec794633ccf6f7484ac2dd15eee92c0", size = 11523634, upload-time = "2026-08-07T13:30:39.822Z" },
    { url = "https://files.pythonhosted.org/packages/6e/6c/96d192b0e742412ceda08c0a50f9669b253dde9fd6a60ea1a10c9fa79a63/ruff-0.16.2-py3-none-musllinux_1_2_aarch64.whl", hash = "sha256:c24788a980581e1d7ea3a0cbe4344c4fbeb0a6a9b1f4713aa46bb104f8294690", size = 10949807, upload-time = "2026-08-07T13:30:42.745Z" },
    { url = "https://files.pythonhosted.org/packages/fa/51/e26599ceca11e79ee255c7df515995561edf87e9ca1893284e44d98f5a86/ruff-0.16.2-py3-none-musllinux_1_2_armv7l.whl", hash = "sha256:81806b08329130005dd4a8a8394a0c9da8c6f4cafb16ba438d2a2ee6a18bedf1", size = 10646891, upload-time = "2026-08-07T13:30:45.522Z" },
    { url = "https://files.pythonhosted.org/packages/68/01/800c4b1f97bc8d7c6029e06b1f20473a3cf1e13c4933d8f3342add83fc55/ruff-0.16.2-py3-none-musllinux_1_2_i686.whl", hash = "sha256:4ce4e02bad779bef557f541a1b31f20d6abeae1cc05ed1b1ac019d4ffd1044c8", size = 11162063, upload-time = "2026-08-07T13:30:48.131Z" },
    { url = "https://files.pythonhosted.org/packages/e4/d0/1477ea50fc5a0d4b0b71d1d63d50770bdd794d90b43e37a7618e63ec9894/ruff-0.16.2-py3-none-musllinux_1_2_x86_64.whl", hash = "sha256:e0422abdf70070255fc4073ce9dfc814cc03db577013761ddd09bc1e4a9a4fbd", size = 11556038, upload-time = "2026-08-07T13:30:50.686Z" },
    { url = "https://files.pythonhosted.org/packages/b8/76/a7776f32048d991e16d4fa8ff91790b877342d3596cc3ed04acdbf1aaedc/ruff-0.16.2-py3-none-win32.whl", hash = "sha256:bf3a63d78fb39f4bf5ac8ae52051c5520505301abe19ba4e204c453b3f09bb0b", size = 10872850, upload-time = "2026-08-07T13:30:53.471Z" },
    { url = "https://files.pythonhosted.org/packages/00/0d/929c800d920e61397d82a01b60bffc68da3052c17d31de59efaad2e4ed75/ruff-0.16.2-py3-none-win_amd64.whl", hash = "sha256:bcabe2f6d0fc7819f1431793005af4e4de7371927d037345bf941252b195b9fa", size = 12023338, upload-time = "2026-08-07T13:30:56.193Z" },
    { url = "https://files.pythonhosted.org/packages/5b/6c/93e26c22c5f78ff87363e07da49c84955affbeb1098bd1936bf3b3f293bf/ruff-0.16.2-py3-none-win_arm64.whl", hash = "sha256:d614e95cedf38a2053fd351c55b103ba30d017d61688fdbfd40ee0412852a99f", size = 11374065, upload-time = "2026-08-07T13:30:58.775Z" },
]
